
Microsoft Visual Studio Solution File, Format Version 12.00
# Visual Studio 15
VisualStudioVersion = 15.0.28010.2046
MinimumVisualStudioVersion = 10.0.40219.1
Project("{FAE04EC0-301F-11D3-BF4B-00C04F79EFBC}") = "AllSidingConstruction", "AllSidingConstruction\AllSidingConstruction.csproj", "{F5592D67-AE3E-484C-9568-18F3ED9A3300}"
EndProject
Global
	GlobalSection(SolutionConfigurationPlatforms) = preSolution
		Debug|Any CPU = Debug|Any CPU
		Release|Any CPU = Release|Any CPU
	EndGlobalSection
	GlobalSection(ProjectConfigurationPlatforms) = postSolution
		{F5592D67-AE3E-484C-9568-18F3ED9A3300}.Debug|Any CPU.ActiveCfg = Debug|Any CPU
		{F5592D67-AE3E-484C-9568-18F3ED9A3300}.Debug|Any CPU.Build.0 = Debug|Any CPU
		{F5592D67-AE3E-484C-9568-18F3ED9A3300}.Release|Any CPU.ActiveCfg = Release|Any CPU
		{F5592D67-AE3E-484C-9568-18F3ED9A3300}.Release|Any CPU.Build.0 = Release|Any CPU
	EndGlobalSection
	GlobalSection(SolutionProperties) = preSolution
		HideSolutionNode = FALSE
	EndGlobalSection
	GlobalSection(ExtensibilityGlobals) = postSolution
		SolutionGuid = {7D6352F5-955D-4CE6-B193-28C9AA6DC217}
	EndGlobalSection
EndGlobal
